
Microsoft Visual Studio Solution File, Format Version 12.00
# Visual Studio 14
VisualStudioVersion = 14.0.24720.0
MinimumVisualStudioVersion = 10.0.40219.1
Project("{FAE04EC0-301F-11D3-BF4B-00C04F79EFBC}") = "Draven Me Crazy", "Draven Me Crazy\Draven Me Crazy.csproj", "{37AF3168-539F-46E8-94ED-4C2D8EC48619}"
EndProject
Global
	GlobalSection(SolutionConfigurationPlatforms) = preSolution
		Debug|Any CPU = Debug|Any CPU
		Release|Any CPU = Release|Any CPU
	EndGlobalSection
	GlobalSection(ProjectConfigurationPlatforms) = postSolution
		{37AF3168-539F-46E8-94ED-4C2D8EC48619}.Debug|Any CPU.ActiveCfg = Debug|Any CPU
		{37AF3168-539F-46E8-94ED-4C2D8EC48619}.Debug|Any CPU.Build.0 = Debug|Any CPU
		{37AF3168-539F-46E8-94ED-4C2D8EC48619}.Release|Any CPU.ActiveCfg = Release|Any CPU
		{37AF3168-539F-46E8-94ED-4C2D8EC48619}.Release|Any CPU.Build.0 = Release|Any CPU
	EndGlobalSection
	GlobalSection(SolutionProperties) = preSolution
		HideSolutionNode = FALSE
	EndGlobalSection
EndGlobal
